{
    "version": 3,
    "terraform_version": "0.7.6",
    "serial": 16,
    "lineage": "9f1e5c46-f15e-42da-a51e-c8e3a9d07a96",
    "modules": [
        {
            "path": [
                "root"
            ],
            "outputs": {},
            "resources": {
                "aws_elb.master_elb": {
                    "type": "aws_elb",
                    "depends_on": [
                        "aws_instance.master_instance",
                        "aws_security_group.allow_restricted_https_incoming_security_group",
                        "aws_subnet.subnet"
                    ],
                    "primary": {
                        "id": "master-elb",
                        "attributes": {
                            "access_logs.#": "0",
                            "availability_zones.#": "1",
                            "availability_zones.3953592328": "eu-west-1a",
                            "connection_draining": "true",
                            "connection_draining_timeout": "400",
                            "cross_zone_load_balancing": "true",
                            "dns_name": "master-elb-790472748.eu-west-1.elb.amazonaws.com",
                            "health_check.#": "1",
                            "health_check.0.healthy_threshold": "2",
                            "health_check.0.interval": "30",
                            "health_check.0.target": "HTTP:8080/",
                            "health_check.0.timeout": "3",
                            "health_check.0.unhealthy_threshold": "2",
                            "id": "master-elb",
                            "idle_timeout": "400",
                            "instances.#": "1",
                            "instances.2319374581": "i-0cb7a71a",
                            "internal": "false",
                            "listener.#": "1",
                            "listener.3137688046.instance_port": "8080",
                            "listener.3137688046.instance_protocol": "http",
                            "listener.3137688046.lb_port": "443",
                            "listener.3137688046.lb_protocol": "https",
                            "listener.3137688046.ssl_certificate_id": "arn:aws:acm:eu-west-1:523275672308:certificate/298fa9f5-4477-435b-90bf-e0b3bb7b0fb9",
                            "name": "master-elb",
                            "security_groups.#": "1",
                            "security_groups.2558010913": "sg-a7e120c1",
                            "source_security_group": "523275672308/allow_restricted_https_incoming_security_group",
                            "source_security_group_id": "sg-a7e120c1",
                            "subnets.#": "1",
                            "subnets.2659650623": "subnet-31215347",
                            "tags.%": "0",
                            "zone_id": "Z32O12XQLNTSW2"
                        },
                        "meta": {},
                        "tainted": false
                    },
                    "deposed": [],
                    "provider": ""
                },
                "aws_elb.node_infra_elb": {
                    "type": "aws_elb",
                    "depends_on": [
                        "aws_instance.node_infra_instance",
                        "aws_security_group.allow_restricted_https_incoming_security_group",
                        "aws_subnet.subnet"
                    ],
                    "primary": {
                        "id": "node-infra-elb",
                        "attributes": {
                            "access_logs.#": "0",
                            "availability_zones.#": "1",
                            "availability_zones.3953592328": "eu-west-1a",
                            "connection_draining": "true",
                            "connection_draining_timeout": "400",
                            "cross_zone_load_balancing": "true",
                            "dns_name": "node-infra-elb-945867094.eu-west-1.elb.amazonaws.com",
                            "health_check.#": "1",
                            "health_check.0.healthy_threshold": "2",
                            "health_check.0.interval": "30",
                            "health_check.0.target": "HTTP:8080/",
                            "health_check.0.timeout": "3",
                            "health_check.0.unhealthy_threshold": "2",
                            "id": "node-infra-elb",
                            "idle_timeout": "400",
                            "instances.#": "1",
                            "instances.3352284520": "i-d4b7a7c2",
                            "internal": "false",
                            "listener.#": "1",
                            "listener.3809874696.instance_port": "8080",
                            "listener.3809874696.instance_protocol": "http",
                            "listener.3809874696.lb_port": "443",
                            "listener.3809874696.lb_protocol": "https",
                            "listener.3809874696.ssl_certificate_id": "arn:aws:acm:eu-west-1:523275672308:certificate/1f4ce718-c857-452a-afa0-67aecd244cd5",
                            "name": "node-infra-elb",
                            "security_groups.#": "1",
                            "security_groups.2558010913": "sg-a7e120c1",
                            "source_security_group": "523275672308/allow_restricted_https_incoming_security_group",
                            "source_security_group_id": "sg-a7e120c1",
                            "subnets.#": "1",
                            "subnets.2659650623": "subnet-31215347",
                            "tags.%": "0",
                            "zone_id": "Z32O12XQLNTSW2"
                        },
                        "meta": {},
                        "tainted": false
                    },
                    "deposed": [],
                    "provider": ""
                },
                "aws_instance.master_instance": {
                    "type": "aws_instance",
                    "depends_on": [
                        "aws_security_group.allow_all_outgoing_security_group",
                        "aws_security_group.allow_local_all_incoming_security_group",
                        "aws_security_group.allow_restricted_ssh_incoming_security_group",
                        "aws_subnet.subnet"
                    ],
                    "primary": {
                        "id": "i-0cb7a71a",
                        "attributes": {
                            "ami": "ami-8b8c57f8",
                            "availability_zone": "eu-west-1a",
                            "disable_api_termination": "false",
                            "ebs_block_device.#": "0",
                            "ebs_optimized": "false",
                            "ephemeral_block_device.#": "0",
                            "iam_instance_profile": "",
                            "id": "i-0cb7a71a",
                            "instance_state": "running",
                            "instance_type": "t2.large",
                            "key_name": "",
                            "monitoring": "false",
                            "network_interface_id": "eni-a5d511ea",
                            "private_dns": "ip-10-0-0-71.eu-west-1.compute.internal",
                            "private_ip": "10.0.0.71",
                            "public_dns": "ec2-52-211-216-112.eu-west-1.compute.amazonaws.com",
                            "public_ip": "52.211.216.112",
                            "root_block_device.#": "1",
                            "root_block_device.0.delete_on_termination": "true",
                            "root_block_device.0.iops": "100",
                            "root_block_device.0.volume_size": "10",
                            "root_block_device.0.volume_type": "gp2",
                            "security_groups.#": "0",
                            "source_dest_check": "true",
                            "subnet_id": "subnet-31215347",
                            "tags.%": "2",
                            "tags.Name": "master-1",
                            "tags.Type": "master",
                            "tenancy": "default",
                            "vpc_security_group_ids.#": "3",
                            "vpc_security_group_ids.1225268483": "sg-a6e120c0",
                            "vpc_security_group_ids.1406008320": "sg-d8e120be",
                            "vpc_security_group_ids.1823712782": "sg-d9e120bf"
                        },
                        "meta": {
                            "schema_version": "1"
                        },
                        "tainted": false
                    },
                    "deposed": [],
                    "provider": ""
                },
                "aws_instance.node_infra_instance": {
                    "type": "aws_instance",
                    "depends_on": [
                        "aws_security_group.allow_all_outgoing_security_group",
                        "aws_security_group.allow_local_all_incoming_security_group",
                        "aws_security_group.allow_restricted_ssh_incoming_security_group",
                        "aws_subnet.subnet"
                    ],
                    "primary": {
                        "id": "i-d4b7a7c2",
                        "attributes": {
                            "ami": "ami-8b8c57f8",
                            "availability_zone": "eu-west-1a",
                            "disable_api_termination": "false",
                            "ebs_block_device.#": "0",
                            "ebs_optimized": "false",
                            "ephemeral_block_device.#": "0",
                            "iam_instance_profile": "",
                            "id": "i-d4b7a7c2",
                            "instance_state": "running",
                            "instance_type": "t2.large",
                            "key_name": "",
                            "monitoring": "false",
                            "network_interface_id": "eni-2ed41061",
                            "private_dns": "ip-10-0-0-149.eu-west-1.compute.internal",
                            "private_ip": "10.0.0.149",
                            "public_dns": "ec2-52-212-132-250.eu-west-1.compute.amazonaws.com",
                            "public_ip": "52.212.132.250",
                            "root_block_device.#": "1",
                            "root_block_device.0.delete_on_termination": "true",
                            "root_block_device.0.iops": "100",
                            "root_block_device.0.volume_size": "10",
                            "root_block_device.0.volume_type": "gp2",
                            "security_groups.#": "0",
                            "source_dest_check": "true",
                            "subnet_id": "subnet-31215347",
                            "tags.%": "2",
                            "tags.Name": "node-infra-1",
                            "tags.Type": "node-infra",
                            "tenancy": "default",
                            "vpc_security_group_ids.#": "3",
                            "vpc_security_group_ids.1225268483": "sg-a6e120c0",
                            "vpc_security_group_ids.1406008320": "sg-d8e120be",
                            "vpc_security_group_ids.1823712782": "sg-d9e120bf"
                        },
                        "meta": {
                            "schema_version": "1"
                        },
                        "tainted": false
                    },
                    "deposed": [],
                    "provider": ""
                },
                "aws_instance.node_worker_instance": {
                    "type": "aws_instance",
                    "depends_on": [
                        "aws_security_group.allow_all_outgoing_security_group",
                        "aws_security_group.allow_local_all_incoming_security_group",
                        "aws_security_group.allow_restricted_ssh_incoming_security_group",
                        "aws_subnet.subnet"
                    ],
                    "primary": {
                        "id": "i-dbb7a7cd",
                        "attributes": {
                            "ami": "ami-8b8c57f8",
                            "availability_zone": "eu-west-1a",
                            "disable_api_termination": "false",
                            "ebs_block_device.#": "0",
                            "ebs_optimized": "false",
                            "ephemeral_block_device.#": "0",
                            "iam_instance_profile": "",
                            "id": "i-dbb7a7cd",
                            "instance_state": "running",
                            "instance_type": "t2.large",
                            "key_name": "",
                            "monitoring": "false",
                            "network_interface_id": "eni-4ad31705",
                            "private_dns": "ip-10-0-0-25.eu-west-1.compute.internal",
                            "private_ip": "10.0.0.25",
                            "public_dns": "ec2-52-212-65-81.eu-west-1.compute.amazonaws.com",
                            "public_ip": "52.212.65.81",
                            "root_block_device.#": "1",
                            "root_block_device.0.delete_on_termination": "true",
                            "root_block_device.0.iops": "100",
                            "root_block_device.0.volume_size": "10",
                            "root_block_device.0.volume_type": "gp2",
                            "security_groups.#": "0",
                            "source_dest_check": "true",
                            "subnet_id": "subnet-31215347",
                            "tags.%": "2",
                            "tags.Name": "node-worker-1",
                            "tags.Type": "node-worker",
                            "tenancy": "default",
                            "vpc_security_group_ids.#": "3",
                            "vpc_security_group_ids.1225268483": "sg-a6e120c0",
                            "vpc_security_group_ids.1406008320": "sg-d8e120be",
                            "vpc_security_group_ids.1823712782": "sg-d9e120bf"
                        },
                        "meta": {
                            "schema_version": "1"
                        },
                        "tainted": false
                    },
                    "deposed": [],
                    "provider": ""
                },
                "aws_internet_gateway.internet_gateway": {
                    "type": "aws_internet_gateway",
                    "depends_on": [
                        "aws_vpc.vpc"
                    ],
                    "primary": {
                        "id": "igw-2bc72b4f",
                        "attributes": {
                            "id": "igw-2bc72b4f",
                            "vpc_id": "vpc-96d4b5f2"
                        },
                        "meta": {},
                        "tainted": false
                    },
                    "deposed": [],
                    "provider": ""
                },
                "aws_key_pair.key_pair": {
                    "type": "aws_key_pair",
                    "depends_on": [],
                    "primary": {
                        "id": "key_pair",
                        "attributes": {
                            "id": "key_pair",
                            "key_name": "key_pair",
                            "public_key": "ssh-rsa AAAAB3NzaC1yc2EAAAADAQABAAABAQDYgAsBhjeEM2KTkUTwQjFer2uRyBQ6qWdkC46eJt40c2YEmEer32vylVNGvaMo9/OiObxXi0PjkzEdP8vonyJiP01Xq1yZguKPRoOhrUtXWzW45NLjZqyjiJMp8MaweIs5TA19oAQL6knWCzVQjN8tiaDlqhSmkLK1l2G3gW8iVGrWt4cUz2SJJkEKp3gN3zjGlohP5J6F6qiS+ES+TXtbW7g97rfWuMxN1m+2go96GBsR+zrsAk0Wp2U/JBCghUi2vYNEZk9dmpX/C5JVzLiIOOi44mIkgxeZvzkPeo4Qo4A76ZJeC0RZwhKGWnip6UwqReDOMDYcMxba5OF2WUGR"
                        },
                        "meta": {
                            "schema_version": "1"
                        },
                        "tainted": false
                    },
                    "deposed": [],
                    "provider": ""
                },
                "aws_main_route_table_association.main_router_table_association": {
                    "type": "aws_main_route_table_association",
                    "depends_on": [
                        "aws_route_table.route_table",
                        "aws_vpc.vpc"
                    ],
                    "primary": {
                        "id": "rtbassoc-c58509a2",
                        "attributes": {
                            "id": "rtbassoc-c58509a2",
                            "original_route_table_id": "rtb-501c3534",
                            "route_table_id": "rtb-521c3536",
                            "vpc_id": "vpc-96d4b5f2"
                        },
                        "meta": {},
                        "tainted": false
                    },
                    "deposed": [],
                    "provider": ""
                },
                "aws_route.gateway_route": {
                    "type": "aws_route",
                    "depends_on": [
                        "aws_internet_gateway.internet_gateway",
                        "aws_route_table.route_table"
                    ],
                    "primary": {
                        "id": "r-rtb-521c35361080289494",
                        "attributes": {
                            "destination_cidr_block": "0.0.0.0/0",
                            "destination_prefix_list_id": "",
                            "gateway_id": "igw-2bc72b4f",
                            "id": "r-rtb-521c35361080289494",
                            "instance_id": "",
                            "instance_owner_id": "",
                            "nat_gateway_id": "",
                            "network_interface_id": "",
                            "origin": "CreateRoute",
                            "route_table_id": "rtb-521c3536",
                            "state": "active",
                            "vpc_peering_connection_id": ""
                        },
                        "meta": {},
                        "tainted": false
                    },
                    "deposed": [],
                    "provider": ""
                },
                "aws_route53_record.external_master_route53_zone": {
                    "type": "aws_route53_record",
                    "depends_on": [
                        "aws_elb.master_elb"
                    ],
                    "primary": {
                        "id": "Z1DHMGOFTZGBIQ_cluster1.temenos.cloud_CNAME",
                        "attributes": {
                            "fqdn": "cluster1.temenos.cloud",
                            "health_check_id": "",
                            "id": "Z1DHMGOFTZGBIQ_cluster1.temenos.cloud_CNAME",
                            "name": "cluster1.temenos.cloud",
                            "records.#": "1",
                            "records.1036652247": "master-elb-790472748.eu-west-1.elb.amazonaws.com",
                            "set_identifier": "",
                            "ttl": "30",
                            "type": "CNAME",
                            "zone_id": "Z1DHMGOFTZGBIQ"
                        },
                        "meta": {
                            "schema_version": "2"
                        },
                        "tainted": false
                    },
                    "deposed": [],
                    "provider": ""
                },
                "aws_route53_record.external_router_route53_zone": {
                    "type": "aws_route53_record",
                    "depends_on": [
                        "aws_elb.node_infra_elb"
                    ],
                    "primary": {
                        "id": "Z1DHMGOFTZGBIQ_*.apps.cluster1.temenos.cloud_CNAME",
                        "attributes": {
                            "fqdn": "*.apps.cluster1.temenos.cloud",
                            "health_check_id": "",
                            "id": "Z1DHMGOFTZGBIQ_*.apps.cluster1.temenos.cloud_CNAME",
                            "name": "*.apps.cluster1.temenos.cloud",
                            "records.#": "1",
                            "records.1258594000": "node-infra-elb-945867094.eu-west-1.elb.amazonaws.com",
                            "set_identifier": "",
                            "ttl": "30",
                            "type": "CNAME",
                            "zone_id": "Z1DHMGOFTZGBIQ"
                        },
                        "meta": {
                            "schema_version": "2"
                        },
                        "tainted": false
                    },
                    "deposed": [],
                    "provider": ""
                },
                "aws_route53_zone.local_route53_zone": {
                    "type": "aws_route53_zone",
                    "depends_on": [
                        "aws_vpc.vpc"
                    ],
                    "primary": {
                        "id": "ZGO5GW2CHHSHF",
                        "attributes": {
                            "comment": "Managed by Terraform",
                            "force_destroy": "false",
                            "id": "ZGO5GW2CHHSHF",
                            "name": "temenos.local",
                            "name_servers.#": "4",
                            "name_servers.0": "ns-0.awsdns-00.com.",
                            "name_servers.1": "ns-1024.awsdns-00.org.",
                            "name_servers.2": "ns-1536.awsdns-00.co.uk.",
                            "name_servers.3": "ns-512.awsdns-00.net.",
                            "tags.%": "0",
                            "vpc_id": "vpc-96d4b5f2",
                            "vpc_region": "eu-west-1",
                            "zone_id": "ZGO5GW2CHHSHF"
                        },
                        "meta": {},
                        "tainted": false
                    },
                    "deposed": [],
                    "provider": ""
                },
                "aws_route_table.route_table": {
                    "type": "aws_route_table",
                    "depends_on": [
                        "aws_vpc.vpc"
                    ],
                    "primary": {
                        "id": "rtb-521c3536",
                        "attributes": {
                            "id": "rtb-521c3536",
                            "propagating_vgws.#": "0",
                            "route.#": "0",
                            "tags.%": "0",
                            "vpc_id": "vpc-96d4b5f2"
                        },
                        "meta": {},
                        "tainted": false
                    },
                    "deposed": [],
                    "provider": ""
                },
                "aws_security_group.allow_all_outgoing_security_group": {
                    "type": "aws_security_group",
                    "depends_on": [
                        "aws_vpc.vpc"
                    ],
                    "primary": {
                        "id": "sg-d9e120bf",
                        "attributes": {
                            "description": "Allow all outgoing access",
                            "egress.#": "1",
                            "egress.482069346.cidr_blocks.#": "1",
                            "egress.482069346.cidr_blocks.0": "0.0.0.0/0",
                            "egress.482069346.from_port": "0",
                            "egress.482069346.prefix_list_ids.#": "0",
                            "egress.482069346.protocol": "-1",
                            "egress.482069346.security_groups.#": "0",
                            "egress.482069346.self": "false",
                            "egress.482069346.to_port": "0",
                            "id": "sg-d9e120bf",
                            "ingress.#": "0",
                            "name": "allow_all_outgoing_security_group",
                            "owner_id": "523275672308",
                            "tags.%": "0",
                            "vpc_id": "vpc-96d4b5f2"
                        },
                        "meta": {},
                        "tainted": false
                    },
                    "deposed": [],
                    "provider": ""
                },
                "aws_security_group.allow_local_all_incoming_security_group": {
                    "type": "aws_security_group",
                    "depends_on": [
                        "aws_vpc.vpc"
                    ],
                    "primary": {
                        "id": "sg-a6e120c0",
                        "attributes": {
                            "description": "Allow local all incoming access",
                            "egress.#": "0",
                            "id": "sg-a6e120c0",
                            "ingress.#": "1",
                            "ingress.1152203895.cidr_blocks.#": "1",
                            "ingress.1152203895.cidr_blocks.0": "10.0.0.0/24",
                            "ingress.1152203895.from_port": "0",
                            "ingress.1152203895.protocol": "-1",
                            "ingress.1152203895.security_groups.#": "0",
                            "ingress.1152203895.self": "false",
                            "ingress.1152203895.to_port": "0",
                            "name": "allow_local_all_incoming_security_group",
                            "owner_id": "523275672308",
                            "tags.%": "0",
                            "vpc_id": "vpc-96d4b5f2"
                        },
                        "meta": {},
                        "tainted": false
                    },
                    "deposed": [],
                    "provider": ""
                },
                "aws_security_group.allow_restricted_https_incoming_security_group": {
                    "type": "aws_security_group",
                    "depends_on": [
                        "aws_vpc.vpc"
                    ],
                    "primary": {
                        "id": "sg-a7e120c1",
                        "attributes": {
                            "description": "Allow restricted https incoming access",
                            "egress.#": "0",
                            "id": "sg-a7e120c1",
                            "ingress.#": "1",
                            "ingress.2384111114.cidr_blocks.#": "1",
                            "ingress.2384111114.cidr_blocks.0": "80.169.34.194/32",
                            "ingress.2384111114.from_port": "443",
                            "ingress.2384111114.protocol": "tcp",
                            "ingress.2384111114.security_groups.#": "0",
                            "ingress.2384111114.self": "false",
                            "ingress.2384111114.to_port": "443",
                            "name": "allow_restricted_https_incoming_security_group",
                            "owner_id": "523275672308",
                            "tags.%": "0",
                            "vpc_id": "vpc-96d4b5f2"
                        },
                        "meta": {},
                        "tainted": false
                    },
                    "deposed": [],
                    "provider": ""
                },
                "aws_security_group.allow_restricted_ssh_incoming_security_group": {
                    "type": "aws_security_group",
                    "depends_on": [
                        "aws_vpc.vpc"
                    ],
                    "primary": {
                        "id": "sg-d8e120be",
                        "attributes": {
                            "description": "Allow restricted ssh incoming access",
                            "egress.#": "0",
                            "id": "sg-d8e120be",
                            "ingress.#": "1",
                            "ingress.1410355828.cidr_blocks.#": "1",
                            "ingress.1410355828.cidr_blocks.0": "80.169.34.194/32",
                            "ingress.1410355828.from_port": "22",
                            "ingress.1410355828.protocol": "tcp",
                            "ingress.1410355828.security_groups.#": "0",
                            "ingress.1410355828.self": "false",
                            "ingress.1410355828.to_port": "22",
                            "name": "allow_restricted_ssh_incoming_security_group",
                            "owner_id": "523275672308",
                            "tags.%": "0",
                            "vpc_id": "vpc-96d4b5f2"
                        },
                        "meta": {},
                        "tainted": false
                    },
                    "deposed": [],
                    "provider": ""
                },
                "aws_subnet.subnet": {
                    "type": "aws_subnet",
                    "depends_on": [
                        "aws_vpc.vpc"
                    ],
                    "primary": {
                        "id": "subnet-31215347",
                        "attributes": {
                            "availability_zone": "eu-west-1a",
                            "cidr_block": "10.0.0.0/24",
                            "id": "subnet-31215347",
                            "map_public_ip_on_launch": "true",
                            "tags.%": "0",
                            "vpc_id": "vpc-96d4b5f2"
                        },
                        "meta": {},
                        "tainted": false
                    },
                    "deposed": [],
                    "provider": ""
                },
                "aws_vpc.vpc": {
                    "type": "aws_vpc",
                    "depends_on": [],
                    "primary": {
                        "id": "vpc-96d4b5f2",
                        "attributes": {
                            "cidr_block": "10.0.0.0/16",
                            "default_network_acl_id": "acl-9d134cf9",
                            "default_route_table_id": "rtb-501c3534",
                            "default_security_group_id": "sg-dde120bb",
                            "dhcp_options_id": "dopt-2432d540",
                            "enable_classiclink": "false",
                            "enable_dns_hostnames": "true",
                            "enable_dns_support": "true",
                            "id": "vpc-96d4b5f2",
                            "instance_tenancy": "default",
                            "main_route_table_id": "rtb-501c3534",
                            "tags.%": "0"
                        },
                        "meta": {},
                        "tainted": false
                    },
                    "deposed": [],
                    "provider": ""
                }
            },
            "depends_on": []
        }
    ]
}
